
Microsoft Visual Studio Solution File, Format Version 12.00
# Visual Studio 15
VisualStudioVersion = 15.0.27130.2036
MinimumVisualStudioVersion = 10.0.40219.1
Project("{FAE04EC0-301F-11D3-BF4B-00C04F79EFBC}") = "TO.WhatsMyDotNetFramework", "TO.WhatsMyDotNetFramework.csproj", "{611F9BCF-BE0C-4311-87A6-7E137F7761F1}"
EndProject
Global
	GlobalSection(SolutionConfigurationPlatforms) = preSolution
		Debug|Any CPU = Debug|Any CPU
		Release|Any CPU = Release|Any CPU
	EndGlobalSection
	GlobalSection(ProjectConfigurationPlatforms) = postSolution
		{611F9BCF-BE0C-4311-87A6-7E137F7761F1}.Debug|Any CPU.ActiveCfg = Debug|Any CPU
		{611F9BCF-BE0C-4311-87A6-7E137F7761F1}.Debug|Any CPU.Build.0 = Debug|Any CPU
		{611F9BCF-BE0C-4311-87A6-7E137F7761F1}.Release|Any CPU.ActiveCfg = Release|Any CPU
		{611F9BCF-BE0C-4311-87A6-7E137F7761F1}.Release|Any CPU.Build.0 = Release|Any CPU
	EndGlobalSection
	GlobalSection(SolutionProperties) = preSolution
		HideSolutionNode = FALSE
	EndGlobalSection
	GlobalSection(ExtensibilityGlobals) = postSolution
		SolutionGuid = {8D141792-7695-4830-94B8-458FE08FDFE0}
	EndGlobalSection
EndGlobal
